
Microsoft Visual Studio Solution File, Format Version 12.00
# Visual Studio Version 17
VisualStudioVersion = 17.9.34902.65
MinimumVisualStudioVersion = 10.0.40219.1
Project("{FAE04EC0-301F-11D3-BF4B-00C04F79EFBC}") = "AngularApp1.Server", "AngularApp1.Server\AngularApp1.Server.csproj", "{9468025A-AC47-49F7-8E60-DE1E49A9C7C3}"
EndProject
Project("{54A90642-561A-4BB1-A94E-469ADEE60C69}") = "angularapp1.client", "angularapp1.client\angularapp1.client.esproj", "{6EF1A6BB-B953-428D-AD55-44D24A336D9B}"
EndProject
Global
	GlobalSection(SolutionConfigurationPlatforms) = preSolution
		Debug|Any CPU = Debug|Any CPU
		Release|Any CPU = Release|Any CPU
	EndGlobalSection
	GlobalSection(ProjectConfigurationPlatforms) = postSolution
		{9468025A-AC47-49F7-8E60-DE1E49A9C7C3}.Debug|Any CPU.ActiveCfg = Debug|Any CPU
		{9468025A-AC47-49F7-8E60-DE1E49A9C7C3}.Debug|Any CPU.Build.0 = Debug|Any CPU
		{9468025A-AC47-49F7-8E60-DE1E49A9C7C3}.Release|Any CPU.ActiveCfg = Release|Any CPU
		{9468025A-AC47-49F7-8E60-DE1E49A9C7C3}.Release|Any CPU.Build.0 = Release|Any CPU
		{6EF1A6BB-B953-428D-AD55-44D24A336D9B}.Debug|Any CPU.ActiveCfg = Debug|Any CPU
		{6EF1A6BB-B953-428D-AD55-44D24A336D9B}.Debug|Any CPU.Build.0 = Debug|Any CPU
		{6EF1A6BB-B953-428D-AD55-44D24A336D9B}.Debug|Any CPU.Deploy.0 = Debug|Any CPU
		{6EF1A6BB-B953-428D-AD55-44D24A336D9B}.Release|Any CPU.ActiveCfg = Release|Any CPU
		{6EF1A6BB-B953-428D-AD55-44D24A336D9B}.Release|Any CPU.Build.0 = Release|Any CPU
		{6EF1A6BB-B953-428D-AD55-44D24A336D9B}.Release|Any CPU.Deploy.0 = Release|Any CPU
	EndGlobalSection
	GlobalSection(SolutionProperties) = preSolution
		HideSolutionNode = FALSE
	EndGlobalSection
	GlobalSection(ExtensibilityGlobals) = postSolution
		SolutionGuid = {F547169D-60B2-44FF-A813-AF211FF16B27}
	EndGlobalSection
EndGlobal
